
Microsoft Visual Studio Solution File, Format Version 12.00
# Visual Studio 14
VisualStudioVersion = 14.0.24720.0
MinimumVisualStudioVersion = 10.0.40219.1
Project("{FAE04EC0-301F-11D3-BF4B-00C04F79EFBC}") = "IntelligentEditing", "IntelligentEditing\IntelligentEditing.csproj", "{A057EAAB-9403-4E18-A9D5-0A6A6B158680}"
EndProject
Project("{FAE04EC0-301F-11D3-BF4B-00C04F79EFBC}") = "IntelligentEditing.Tests", "IntelligentEditing.Tests\IntelligentEditing.Tests.csproj", "{3B968032-C72E-4CD8-87AB-FD99A573C3C9}"
EndProject
Global
	GlobalSection(SolutionConfigurationPlatforms) = preSolution
		Debug|Any CPU = Debug|Any CPU
		Release|Any CPU = Release|Any CPU
	EndGlobalSection
	GlobalSection(ProjectConfigurationPlatforms) = postSolution
		{A057EAAB-9403-4E18-A9D5-0A6A6B158680}.Debug|Any CPU.ActiveCfg = Debug|Any CPU
		{A057EAAB-9403-4E18-A9D5-0A6A6B158680}.Debug|Any CPU.Build.0 = Debug|Any CPU
		{A057EAAB-9403-4E18-A9D5-0A6A6B158680}.Release|Any CPU.ActiveCfg = Release|Any CPU
		{A057EAAB-9403-4E18-A9D5-0A6A6B158680}.Release|Any CPU.Build.0 = Release|Any CPU
		{3B968032-C72E-4CD8-87AB-FD99A573C3C9}.Debug|Any CPU.ActiveCfg = Debug|Any CPU
		{3B968032-C72E-4CD8-87AB-FD99A573C3C9}.Debug|Any CPU.Build.0 = Debug|Any CPU
		{3B968032-C72E-4CD8-87AB-FD99A573C3C9}.Release|Any CPU.ActiveCfg = Release|Any CPU
		{3B968032-C72E-4CD8-87AB-FD99A573C3C9}.Release|Any CPU.Build.0 = Release|Any CPU
	EndGlobalSection
	GlobalSection(SolutionProperties) = preSolution
		HideSolutionNode = FALSE
	EndGlobalSection
EndGlobal
